{
  "name": "myjd-app",
  "version": "1.0.0",
  "lockfileVersion": 1,
  "requires": true,
  "dependencies": {
    "vue-lazyload": {
      "version": "1.1.4",
      "resolved": "https://registry.npmjs.org/vue-lazyload/-/vue-lazyload-1.1.4.tgz",
      "integrity": "sha512-bE+Jyl9aJo2Ok30MC8+Gq/sSIhsErRWNVzmzSStPuZrEiaJ1d7MHp8jJB9rB3DT4lim8T2QxLgT13+7X8hzfoA==",
      "dev": true
    }
  }
}
